{
  "pins" : [
    {
      "identity" : "swift-package-manager-google-programmatic-access-library-ios",
      "kind" : "remoteSourceControl",
      "location" : "https://github.com/googleads/swift-package-manager-google-programmatic-access-library-ios",
      "state" : {
        "branch" : "main",
        "revision" : "82856c401fb8046428d517f04f8980fb443d605e"
      }
    }
  ],
  "version" : 2
}
